{
  "version": 4,
  "terraform_version": "1.12.2",
  "serial": 124,
  "lineage": "d65beb6f-a5a5-ef83-3f23-a5cda4870386",
  "outputs": {},
  "resources": [
    {
      "module": "module.bastion",
      "mode": "managed",
      "type": "google_compute_instance",
      "name": "bastion",
      "provider": "provider[\"registry.terraform.io/hashicorp/google\"]",
      "instances": [
        {
          "schema_version": 6,
          "attributes": {
            "advanced_machine_features": [],
            "allow_stopping_for_update": null,
            "attached_disk": [],
            "boot_disk": [
              {
                "auto_delete": true,
                "device_name": "persistent-disk-0",
                "disk_encryption_key_raw": "",
                "disk_encryption_key_rsa": "",
                "disk_encryption_key_sha256": "",
                "disk_encryption_service_account": "",
                "force_attach": false,
                "guest_os_features": [
                  "VIRTIO_SCSI_MULTIQUEUE",
                  "SEV_CAPABLE",
                  "SEV_SNP_CAPABLE",
                  "SEV_LIVE_MIGRATABLE",
                  "SEV_LIVE_MIGRATABLE_V2",
                  "IDPF",
                  "TDX_CAPABLE",
                  "UEFI_COMPATIBLE",
                  "GVNIC"
                ],
                "initialize_params": [
                  {
                    "architecture": "X86_64",
                    "enable_confidential_compute": false,
                    "image": "https://www.googleapis.com/compute/v1/projects/ubuntu-os-cloud/global/images/ubuntu-2404-noble-amd64-v20250606",
                    "labels": {},
                    "provisioned_iops": 0,
                    "provisioned_throughput": 0,
                    "resource_manager_tags": {},
                    "resource_policies": [],
                    "size": 10,
                    "snapshot": "",
                    "source_image_encryption_key": [],
                    "source_snapshot_encryption_key": [],
                    "storage_pool": "",
                    "type": "pd-standard"
                  }
                ],
                "interface": "",
                "kms_key_self_link": "",
                "mode": "READ_WRITE",
                "source": "https://www.googleapis.com/compute/v1/projects/devoteam-463111/zones/me-central1-a/disks/bastion-vm"
              }
            ],
            "can_ip_forward": false,
            "confidential_instance_config": [],
            "cpu_platform": "Intel Broadwell",
            "creation_timestamp": "2025-06-16T12:54:00.818-07:00",
            "current_status": "RUNNING",
            "deletion_protection": false,
            "description": "",
            "desired_status": null,
            "effective_labels": {
              "goog-terraform-provisioned": "true"
            },
            "enable_display": false,
            "guest_accelerator": [],
            "hostname": "",
            "id": "projects/devoteam-463111/zones/me-central1-a/instances/bastion-vm",
            "instance_encryption_key": [],
            "instance_id": "8010612999410534583",
            "key_revocation_action_type": "",
            "label_fingerprint": "vezUS-42LLM=",
            "labels": {},
            "machine_type": "e2-medium",
            "metadata": {
              "enable-oslogin": "TRUE"
            },
            "metadata_fingerprint": "TSyJNnC5T-4=",
            "metadata_startup_script": null,
            "min_cpu_platform": "",
            "name": "bastion-vm",
            "network_interface": [
              {
                "access_config": [],
                "alias_ip_range": [],
                "internal_ipv6_prefix_length": 0,
                "ipv6_access_config": [],
                "ipv6_access_type": "",
                "ipv6_address": "",
                "name": "nic0",
                "network": "https://www.googleapis.com/compute/v1/projects/devoteam-463111/global/networks/devo-vpc",
                "network_attachment": "",
                "network_ip": "192.168.1.10",
                "nic_type": "",
                "queue_count": 0,
                "stack_type": "IPV4_ONLY",
                "subnetwork": "https://www.googleapis.com/compute/v1/projects/devoteam-463111/regions/me-central1/subnetworks/devo-vpc-mgmt",
                "subnetwork_project": "devoteam-463111"
              }
            ],
            "network_performance_config": [],
            "params": [],
            "project": "devoteam-463111",
            "reservation_affinity": [],
            "resource_policies": [],
            "scheduling": [
              {
                "automatic_restart": true,
                "availability_domain": 0,
                "instance_termination_action": "",
                "local_ssd_recovery_timeout": [],
                "max_run_duration": [],
                "min_node_cpus": 0,
                "node_affinities": [],
                "on_host_maintenance": "MIGRATE",
                "on_instance_stop_action": [],
                "preemptible": false,
                "provisioning_model": "STANDARD",
                "termination_time": ""
              }
            ],
            "scratch_disk": [],
            "self_link": "https://www.googleapis.com/compute/v1/projects/devoteam-463111/zones/me-central1-a/instances/bastion-vm",
            "service_account": [],
            "shielded_instance_config": [
              {
                "enable_integrity_monitoring": true,
                "enable_secure_boot": false,
                "enable_vtpm": true
              }
            ],
            "tags": [
              "bastion"
            ],
            "tags_fingerprint": "NfTTNVh6sLU=",
            "terraform_labels": {
              "goog-terraform-provisioned": "true"
            },
            "timeouts": null,
            "zone": "me-central1-a"
          },
          "sensitive_attributes": [
            [
              {
                "type": "get_attr",
                "value": "boot_disk"
              },
              {
                "type": "index",
                "value": {
                  "value": 0,
                  "type": "number"
                }
              },
              {
                "type": "get_attr",
                "value": "disk_encryption_key_raw"
              }
            ],
            [
              {
                "type": "get_attr",
                "value": "boot_disk"
              },
              {
                "type": "index",
                "value": {
                  "value": 0,
                  "type": "number"
                }
              },
              {
                "type": "get_attr",
                "value": "disk_encryption_key_rsa"
              }
            ]
          ],
          "identity_schema_version": 0,
          "private": "eyJlMmJmYjczMC1lY2FhLTExZTYtOGY4OC0zNDM2M2JjN2M0YzAiOnsiY3JlYXRlIjoxMjAwMDAwMDAwMDAwLCJkZWxldGUiOjEyMDAwMDAwMDAwMDAsInVwZGF0ZSI6MTIwMDAwMDAwMDAwMH0sInNjaGVtYV92ZXJzaW9uIjoiNiJ9",
          "dependencies": [
            "module.vpc.google_compute_network.vpc",
            "module.vpc.google_compute_subnetwork.mgmt"
          ]
        }
      ]
    },
    {
      "module": "module.gke",
      "mode": "managed",
      "type": "google_container_cluster",
      "name": "primary",
      "provider": "provider[\"registry.terraform.io/hashicorp/google\"]",
      "instances": [
        {
          "schema_version": 2,
          "attributes": {
            "addons_config": [
              {
                "cloudrun_config": [],
                "config_connector_config": [],
                "dns_cache_config": [],
                "gce_persistent_disk_csi_driver_config": [
                  {
                    "enabled": true
                  }
                ],
                "gcp_filestore_csi_driver_config": [],
                "gcs_fuse_csi_driver_config": [],
                "gke_backup_agent_config": [],
                "horizontal_pod_autoscaling": [],
                "http_load_balancing": [],
                "network_policy_config": [
                  {
                    "disabled": true
                  }
                ],
                "parallelstore_csi_driver_config": [],
                "ray_operator_config": [],
                "stateful_ha_config": []
              }
            ],
            "allow_net_admin": null,
            "authenticator_groups_config": [],
            "binary_authorization": [
              {
                "enabled": false,
                "evaluation_mode": ""
              }
            ],
            "cluster_autoscaling": [
              {
                "auto_provisioning_defaults": [],
                "auto_provisioning_locations": [],
                "autoscaling_profile": "BALANCED",
                "enabled": false,
                "resource_limits": []
              }
            ],
            "cluster_ipv4_cidr": "192.168.8.0/22",
            "confidential_nodes": [],
            "control_plane_endpoints_config": [
              {
                "dns_endpoint_config": [
                  {
                    "allow_external_traffic": false,
                    "endpoint": "gke-8a402d9fbcc6429c8ab34486d7ba0b183691-561795015486.me-central1.gke.goog"
                  }
                ],
                "ip_endpoints_config": [
                  {
                    "enabled": true
                  }
                ]
              }
            ],
            "cost_management_config": [],
            "database_encryption": [
              {
                "key_name": "",
                "state": "DECRYPTED"
              }
            ],
            "datapath_provider": "",
            "default_max_pods_per_node": 110,
            "default_snat_status": [
              {
                "disabled": false
              }
            ],
            "deletion_protection": true,
            "description": "",
            "disable_l4_lb_firewall_reconciliation": false,
            "dns_config": [],
            "effective_labels": {
              "goog-terraform-provisioned": "true"
            },
            "enable_autopilot": false,
            "enable_cilium_clusterwide_network_policy": false,
            "enable_fqdn_network_policy": false,
            "enable_intranode_visibility": false,
            "enable_k8s_beta_apis": [],
            "enable_kubernetes_alpha": false,
            "enable_l4_ilb_subsetting": false,
            "enable_legacy_abac": false,
            "enable_multi_networking": false,
            "enable_shielded_nodes": true,
            "enable_tpu": false,
            "endpoint": "34.18.120.13",
            "enterprise_config": [
              {
                "cluster_tier": "STANDARD",
                "desired_tier": ""
              }
            ],
            "fleet": [],
            "gateway_api_config": [],
            "id": "projects/devoteam-463111/locations/me-central1/clusters/devo-regional-private",
            "identity_service_config": [],
            "in_transit_encryption_config": "",
            "initial_node_count": 1,
            "ip_allocation_policy": [
              {
                "additional_pod_ranges_config": [],
                "cluster_ipv4_cidr_block": "192.168.8.0/22",
                "cluster_secondary_range_name": "pods",
                "pod_cidr_overprovision_config": [
                  {
                    "disabled": false
                  }
                ],
                "services_ipv4_cidr_block": "192.168.4.0/24",
                "services_secondary_range_name": "services",
                "stack_type": "IPV4"
              }
            ],
            "label_fingerprint": "78cdf2f6",
            "location": "me-central1",
            "logging_config": [
              {
                "enable_components": [
                  "SYSTEM_COMPONENTS",
                  "WORKLOADS"
                ]
              }
            ],
            "logging_service": "logging.googleapis.com/kubernetes",
            "maintenance_policy": [],
            "master_auth": [
              {
                "client_certificate": "",
                "client_certificate_config": [
                  {
                    "issue_client_certificate": false
                  }
                ],
                "client_key": "",
                "cluster_ca_certificate": "LS0tLS1CRUdJTiBDRVJUSUZJQ0FURS0tLS0tCk1JSUVMRENDQXBTZ0F3SUJBZ0lRSUdGaVhDNmV5Z1pDQUZoajhyR2g0akFOQmdrcWhraUc5dzBCQVFzRkFEQXYKTVMwd0t3WURWUVFERXlRMU1UbGtNVFprT1MxaU4yUTVMVFJqWldVdFlXWXpaaTAxTW1ReU5qQXlZV1k1WXpNdwpJQmNOTWpVd05qRTJNVGcxTkRFeFdoZ1BNakExTlRBMk1Ea3hPVFUwTVRGYU1DOHhMVEFyQmdOVkJBTVRKRFV4Ck9XUXhObVE1TFdJM1pEa3ROR05sWlMxaFpqTm1MVFV5WkRJMk1ESmhaamxqTXpDQ0FhSXdEUVlKS29aSWh2Y04KQVFFQkJRQURnZ0dQQURDQ0FZb0NnZ0dCQUo3aDIxTXRJN2EyQ0xIamZxbVowWEpOd3ZjQWQ2blMxN1ZqZzBlZQpNczdLUnRlYjFoTWh0cTg5UXlDdlE4M3BtOVRUS2lSdDBPOHg5aURDcDJjV3BQUHVBUmRTMkNDSmhKYmxRN1dsCk1Gak1qR3RPcUtVYTdWbkxDei9MQVpQS1hKQ3Z4a0RJN2RpMmRsVmRadm9QcjZYYU5DRlhCa1cwSjBIYXl6Tm8KSmI0ZDhZUHFWSWxkOHkxL3V4UzRwVk1iWVloS1dpVlpoUnBacVg2dnpzeGE1NHlvZ20rM2s2di91Z0hOTlVBSwozVFpjSGk1VGxWNWFUbGlQeCsxYUxmQU9IeXNneENUbmdGVHNEenM4MitTdWJQeXdXdmNOemR6WE03elpiRmt3CndpVVh1ZXpBSGd3RS9uWnIwcVlrL3pPRVlxTG9tU2NqbktqN1BEcHFSRnNsMnZGbTVqU1VRWWVReFArSGFEbEsKam1BWjhIQXQ3SDJSakp6OEFXY0pUbXdaNTg5TlpvR3dwcW5Wc1QzSTNSaG0rY25SZkFmVTBmdEY1WE9HdGF5MQpmTmVlek55RVdTOHpXOGpJb0tzSitGbCtSR0pUUlAvdlZCcTBqR1BEa2ZRbnpuUktqTU80K05QNEoyMzhXamdvCjV6Z0hwUkN3UDMwNU8xdHZXaGRVMUJQb0t3SURBUUFCbzBJd1FEQU9CZ05WSFE4QkFmOEVCQU1DQWdRd0R3WUQKVlIwVEFRSC9CQVV3QXdFQi96QWRCZ05WSFE0RUZnUVVCUXpVazBWS0VFOHVWNGpzT1FpaURna1QxNnd3RFFZSgpLb1pJaHZjTkFRRUxCUUFEZ2dHQkFIRW5NSFRVVXRmMHZRQ2dzRXZ2RU12WENZek12eGhZcDlYWTFYUk4vRndHCkpJZHpjSUxxN0FrdkdxT0xYdnhqY25UL0dpd282dGZUZ1BLS3NwZ3NnMEltTzJlcitCZVgwNDRZMC9ubWYwdTIKOWM3bUcvcjlDbUpZSk9RV1VKYVIyWi9UeW9qWk9ZSlF0bUVCdUFWWlNmUTR0a2Z3QXNNSnh1ckxuUytCNDZNUgpTVzNEVHhXRGs4ZThhdE5qenVIRGRiYzNRc2FHSzhWRHoweVZIcVJLRGd2NWltcENIN2JBRlV0YUw5cWFSSzVOCm1pQWM1T0tJMlQ0M2RscFdwOTliNVVYUE9tcENkS0ZOY1BYaTVXQVhXdHJsVnd0VEo4c1lwQjhVa2ZaR3FWdHcKTkRhT0VLK0Jjc3pRUkpnMGlDaElkaXhHcy9YRHh1NDdDZ3pvdjNCeWd4Z09ZY3ZoT2MzV3p1RitvUnNndWRsQQpXcXhCelFTVnRXUkFOS1FRa09KWWVhNVpqWU42VGV0QmZyQ0JkTnR1MUQvcTJwQ0krNVl0ak5VUDd0cnJpWEphCnM5enExSTYvcmw5eiswWVhtOU9hYk4zZDdtRDBDdlJLb0NVaWNGVm5JN3hId1FvU3dSaE9EZ3NMc2kvbVNTRHYKNkM1MVFxTlhyeTkvdVdJZTFLTnVDQT09Ci0tLS0tRU5EIENFUlRJRklDQVRFLS0tLS0K"
              }
            ],
            "master_authorized_networks_config": [
              {
                "cidr_blocks": [
                  {
                    "cidr_block": "192.168.1.0/24",
                    "display_name": "bastion-subnet"
                  }
                ],
                "gcp_public_cidrs_access_enabled": false,
                "private_endpoint_enforcement_enabled": true
              }
            ],
            "master_version": "1.32.4-gke.1353003",
            "mesh_certificates": [],
            "min_master_version": null,
            "monitoring_config": [
              {
                "advanced_datapath_observability_config": [
                  {
                    "enable_metrics": false,
                    "enable_relay": false
                  }
                ],
                "enable_components": [
                  "SYSTEM_COMPONENTS",
                  "DEPLOYMENT",
                  "STATEFULSET",
                  "JOBSET",
                  "STORAGE",
                  "HPA",
                  "POD",
                  "DAEMONSET",
                  "CADVISOR",
                  "KUBELET",
                  "DCGM"
                ],
                "managed_prometheus": [
                  {
                    "auto_monitoring_config": [],
                    "enabled": true
                  }
                ]
              }
            ],
            "monitoring_service": "monitoring.googleapis.com/kubernetes",
            "name": "devo-regional-private",
            "network": "projects/devoteam-463111/global/networks/devo-vpc",
            "network_performance_config": [],
            "network_policy": [
              {
                "enabled": false,
                "provider": "PROVIDER_UNSPECIFIED"
              }
            ],
            "networking_mode": "VPC_NATIVE",
            "node_config": [
              {
                "advanced_machine_features": [],
                "boot_disk_kms_key": "",
                "confidential_nodes": [],
                "containerd_config": [],
                "disk_size_gb": 50,
                "disk_type": "pd-balanced",
                "effective_taints": [],
                "enable_confidential_storage": false,
                "ephemeral_storage_local_ssd_config": [],
                "fast_socket": [],
                "flex_start": false,
                "gcfs_config": [],
                "guest_accelerator": [],
                "gvnic": [],
                "host_maintenance_policy": [],
                "image_type": "COS_CONTAINERD",
                "kubelet_config": [
                  {
                    "allowed_unsafe_sysctls": [],
                    "container_log_max_files": 0,
                    "container_log_max_size": "",
                    "cpu_cfs_quota": false,
                    "cpu_cfs_quota_period": "",
                    "cpu_manager_policy": "",
                    "image_gc_high_threshold_percent": 0,
                    "image_gc_low_threshold_percent": 0,
                    "image_maximum_gc_age": "",
                    "image_minimum_gc_age": "",
                    "insecure_kubelet_readonly_port_enabled": "FALSE",
                    "pod_pids_limit": 0
                  }
                ],
                "labels": {},
                "linux_node_config": [],
                "local_nvme_ssd_block_config": [],
                "local_ssd_count": 0,
                "local_ssd_encryption_mode": "",
                "logging_variant": "DEFAULT",
                "machine_type": "e2-standard-2",
                "max_run_duration": "",
                "metadata": {
                  "disable-legacy-endpoints": "true"
                },
                "min_cpu_platform": "",
                "node_group": "",
                "oauth_scopes": [
                  "https://www.googleapis.com/auth/devstorage.read_only",
                  "https://www.googleapis.com/auth/logging.write",
                  "https://www.googleapis.com/auth/monitoring",
                  "https://www.googleapis.com/auth/service.management.readonly",
                  "https://www.googleapis.com/auth/servicecontrol",
                  "https://www.googleapis.com/auth/trace.append"
                ],
                "preemptible": false,
                "reservation_affinity": [],
                "resource_labels": {
                  "goog-gke-node-pool-provisioning-model": "on-demand"
                },
                "resource_manager_tags": {},
                "secondary_boot_disks": [],
                "service_account": "default",
                "shielded_instance_config": [
                  {
                    "enable_integrity_monitoring": true,
                    "enable_secure_boot": false
                  }
                ],
                "sole_tenant_config": [],
                "spot": false,
                "storage_pools": [],
                "tags": [
                  "private-nodes"
                ],
                "taint": [],
                "windows_node_config": [
                  {
                    "osversion": ""
                  }
                ],
                "workload_metadata_config": [
                  {
                    "mode": "GKE_METADATA"
                  }
                ]
              }
            ],
            "node_locations": [
              "me-central1-a",
              "me-central1-b",
              "me-central1-c"
            ],
            "node_pool": [
              {
                "autoscaling": [
                  {
                    "location_policy": "BALANCED",
                    "max_node_count": 3,
                    "min_node_count": 1,
                    "total_max_node_count": 0,
                    "total_min_node_count": 0
                  }
                ],
                "initial_node_count": 0,
                "instance_group_urls": [
                  "https://www.googleapis.com/compute/v1/projects/devoteam-463111/zones/me-central1-a/instanceGroupManagers/gke-devo-regional-priv-devo-node-pool-2f8df269-grp",
                  "https://www.googleapis.com/compute/v1/projects/devoteam-463111/zones/me-central1-b/instanceGroupManagers/gke-devo-regional-priv-devo-node-pool-166f12bd-grp",
                  "https://www.googleapis.com/compute/v1/projects/devoteam-463111/zones/me-central1-c/instanceGroupManagers/gke-devo-regional-priv-devo-node-pool-54af38ed-grp"
                ],
                "managed_instance_group_urls": [
                  "https://www.googleapis.com/compute/v1/projects/devoteam-463111/zones/me-central1-a/instanceGroups/gke-devo-regional-priv-devo-node-pool-2f8df269-grp",
                  "https://www.googleapis.com/compute/v1/projects/devoteam-463111/zones/me-central1-b/instanceGroups/gke-devo-regional-priv-devo-node-pool-166f12bd-grp",
                  "https://www.googleapis.com/compute/v1/projects/devoteam-463111/zones/me-central1-c/instanceGroups/gke-devo-regional-priv-devo-node-pool-54af38ed-grp"
                ],
                "management": [
                  {
                    "auto_repair": true,
                    "auto_upgrade": true
                  }
                ],
                "max_pods_per_node": 110,
                "name": "devo-node-pool",
                "name_prefix": "",
                "network_config": [
                  {
                    "additional_node_network_configs": [],
                    "additional_pod_network_configs": [],
                    "create_pod_range": false,
                    "enable_private_nodes": true,
                    "network_performance_config": [],
                    "pod_cidr_overprovision_config": [],
                    "pod_ipv4_cidr_block": "192.168.8.0/22",
                    "pod_range": "pods"
                  }
                ],
                "node_config": [
                  {
                    "advanced_machine_features": [],
                    "boot_disk_kms_key": "",
                    "confidential_nodes": [],
                    "containerd_config": [],
                    "disk_size_gb": 50,
                    "disk_type": "pd-balanced",
                    "effective_taints": [],
                    "enable_confidential_storage": false,
                    "ephemeral_storage_local_ssd_config": [],
                    "fast_socket": [],
                    "flex_start": false,
                    "gcfs_config": [],
                    "guest_accelerator": [],
                    "gvnic": [],
                    "host_maintenance_policy": [],
                    "image_type": "COS_CONTAINERD",
                    "kubelet_config": [
                      {
                        "allowed_unsafe_sysctls": [],
                        "container_log_max_files": 0,
                        "container_log_max_size": "",
                        "cpu_cfs_quota": false,
                        "cpu_cfs_quota_period": "",
                        "cpu_manager_policy": "",
                        "image_gc_high_threshold_percent": 0,
                        "image_gc_low_threshold_percent": 0,
                        "image_maximum_gc_age": "",
                        "image_minimum_gc_age": "",
                        "insecure_kubelet_readonly_port_enabled": "FALSE",
                        "pod_pids_limit": 0
                      }
                    ],
                    "labels": {},
                    "linux_node_config": [],
                    "local_nvme_ssd_block_config": [],
                    "local_ssd_count": 0,
                    "local_ssd_encryption_mode": "",
                    "logging_variant": "DEFAULT",
                    "machine_type": "e2-standard-2",
                    "max_run_duration": "",
                    "metadata": {
                      "disable-legacy-endpoints": "true"
                    },
                    "min_cpu_platform": "",
                    "node_group": "",
                    "oauth_scopes": [
                      "https://www.googleapis.com/auth/devstorage.read_only",
                      "https://www.googleapis.com/auth/logging.write",
                      "https://www.googleapis.com/auth/monitoring",
                      "https://www.googleapis.com/auth/service.management.readonly",
                      "https://www.googleapis.com/auth/servicecontrol",
                      "https://www.googleapis.com/auth/trace.append"
                    ],
                    "preemptible": false,
                    "reservation_affinity": [],
                    "resource_labels": {
                      "goog-gke-node-pool-provisioning-model": "on-demand"
                    },
                    "resource_manager_tags": {},
                    "secondary_boot_disks": [],
                    "service_account": "default",
                    "shielded_instance_config": [
                      {
                        "enable_integrity_monitoring": true,
                        "enable_secure_boot": false
                      }
                    ],
                    "sole_tenant_config": [],
                    "spot": false,
                    "storage_pools": [],
                    "tags": [
                      "private-nodes"
                    ],
                    "taint": [],
                    "windows_node_config": [
                      {
                        "osversion": ""
                      }
                    ],
                    "workload_metadata_config": [
                      {
                        "mode": "GKE_METADATA"
                      }
                    ]
                  }
                ],
                "node_count": 0,
                "node_locations": [
                  "me-central1-a",
                  "me-central1-b",
                  "me-central1-c"
                ],
                "placement_policy": [],
                "queued_provisioning": [],
                "upgrade_settings": [
                  {
                    "blue_green_settings": [],
                    "max_surge": 1,
                    "max_unavailable": 0,
                    "strategy": "SURGE"
                  }
                ],
                "version": "1.32.4-gke.1353003"
              }
            ],
            "node_pool_auto_config": [
              {
                "linux_node_config": [],
                "network_tags": [],
                "node_kubelet_config": [
                  {
                    "insecure_kubelet_readonly_port_enabled": "FALSE"
                  }
                ],
                "resource_manager_tags": {}
              }
            ],
            "node_pool_defaults": [
              {
                "node_config_defaults": [
                  {
                    "containerd_config": [],
                    "gcfs_config": [],
                    "insecure_kubelet_readonly_port_enabled": "FALSE",
                    "logging_variant": "DEFAULT"
                  }
                ]
              }
            ],
            "node_version": "1.32.4-gke.1353003",
            "notification_config": [
              {
                "pubsub": [
                  {
                    "enabled": false,
                    "filter": [],
                    "topic": ""
                  }
                ]
              }
            ],
            "operation": null,
            "pod_autoscaling": [
              {
                "hpa_profile": "HPA_PROFILE_UNSPECIFIED"
              }
            ],
            "private_cluster_config": [
              {
                "enable_private_endpoint": false,
                "enable_private_nodes": true,
                "master_global_access_config": [
                  {
                    "enabled": false
                  }
                ],
                "master_ipv4_cidr_block": "192.168.5.0/28",
                "peering_name": "",
                "private_endpoint": "192.168.5.2",
                "private_endpoint_subnetwork": "projects/devoteam-463111/regions/me-central1/subnetworks/gke-devo-regional-private-721d4b43-pe-subnet",
                "public_endpoint": "34.18.120.13"
              }
            ],
            "private_ipv6_google_access": "",
            "project": "devoteam-463111",
            "release_channel": [
              {
                "channel": "REGULAR"
              }
            ],
            "remove_default_node_pool": true,
            "resource_labels": {},
            "resource_usage_export_config": [],
            "secret_manager_config": [
              {
                "enabled": false
              }
            ],
            "security_posture_config": [
              {
                "mode": "BASIC",
                "vulnerability_mode": "VULNERABILITY_MODE_UNSPECIFIED"
              }
            ],
            "self_link": "https://container.googleapis.com/v1/projects/devoteam-463111/locations/me-central1/clusters/devo-regional-private",
            "service_external_ips_config": [
              {
                "enabled": false
              }
            ],
            "services_ipv4_cidr": "192.168.4.0/24",
            "subnetwork": "projects/devoteam-463111/regions/me-central1/subnetworks/devo-vpc-private",
            "terraform_labels": {
              "goog-terraform-provisioned": "true"
            },
            "timeouts": null,
            "tpu_ipv4_cidr_block": "",
            "user_managed_keys_config": [],
            "vertical_pod_autoscaling": [],
            "workload_identity_config": [
              {
                "workload_pool": "devoteam-463111.svc.id.goog"
              }
            ]
          },
          "sensitive_attributes": [
            [
              {
                "type": "get_attr",
                "value": "master_auth"
              },
              {
                "type": "index",
                "value": {
                  "value": 0,
                  "type": "number"
                }
              },
              {
                "type": "get_attr",
                "value": "client_key"
              }
            ]
          ],
          "identity_schema_version": 0,
          "private": "eyJlMmJmYjczMC1lY2FhLTExZTYtOGY4OC0zNDM2M2JjN2M0YzAiOnsiY3JlYXRlIjoyNDAwMDAwMDAwMDAwLCJkZWxldGUiOjI0MDAwMDAwMDAwMDAsInJlYWQiOjI0MDAwMDAwMDAwMDAsInVwZGF0ZSI6MzYwMDAwMDAwMDAwMH0sInNjaGVtYV92ZXJzaW9uIjoiMiJ9",
          "dependencies": [
            "module.vpc.google_compute_network.vpc",
            "module.vpc.google_compute_subnetwork.private"
          ]
        }
      ]
    },
    {
      "module": "module.gke",
      "mode": "managed",
      "type": "google_container_node_pool",
      "name": "primary_nodes",
      "provider": "provider[\"registry.terraform.io/hashicorp/google\"]",
      "instances": [
        {
          "schema_version": 1,
          "attributes": {
            "autoscaling": [
              {
                "location_policy": "BALANCED",
                "max_node_count": 3,
                "min_node_count": 1,
                "total_max_node_count": 0,
                "total_min_node_count": 0
              }
            ],
            "cluster": "devo-regional-private",
            "id": "projects/devoteam-463111/locations/me-central1/clusters/devo-regional-private/nodePools/devo-node-pool",
            "initial_node_count": 0,
            "instance_group_urls": [
              "https://www.googleapis.com/compute/v1/projects/devoteam-463111/zones/me-central1-a/instanceGroupManagers/gke-devo-regional-priv-devo-node-pool-2f8df269-grp",
              "https://www.googleapis.com/compute/v1/projects/devoteam-463111/zones/me-central1-b/instanceGroupManagers/gke-devo-regional-priv-devo-node-pool-166f12bd-grp",
              "https://www.googleapis.com/compute/v1/projects/devoteam-463111/zones/me-central1-c/instanceGroupManagers/gke-devo-regional-priv-devo-node-pool-54af38ed-grp"
            ],
            "location": "me-central1",
            "managed_instance_group_urls": [
              "https://www.googleapis.com/compute/v1/projects/devoteam-463111/zones/me-central1-a/instanceGroups/gke-devo-regional-priv-devo-node-pool-2f8df269-grp",
              "https://www.googleapis.com/compute/v1/projects/devoteam-463111/zones/me-central1-b/instanceGroups/gke-devo-regional-priv-devo-node-pool-166f12bd-grp",
              "https://www.googleapis.com/compute/v1/projects/devoteam-463111/zones/me-central1-c/instanceGroups/gke-devo-regional-priv-devo-node-pool-54af38ed-grp"
            ],
            "management": [
              {
                "auto_repair": true,
                "auto_upgrade": true
              }
            ],
            "max_pods_per_node": 110,
            "name": "devo-node-pool",
            "name_prefix": "",
            "network_config": [
              {
                "additional_node_network_configs": [],
                "additional_pod_network_configs": [],
                "create_pod_range": false,
                "enable_private_nodes": true,
                "network_performance_config": [],
                "pod_cidr_overprovision_config": [],
                "pod_ipv4_cidr_block": "192.168.8.0/22",
                "pod_range": "pods"
              }
            ],
            "node_config": [
              {
                "advanced_machine_features": [],
                "boot_disk_kms_key": "",
                "confidential_nodes": [],
                "containerd_config": [],
                "disk_size_gb": 50,
                "disk_type": "pd-balanced",
                "effective_taints": [],
                "enable_confidential_storage": false,
                "ephemeral_storage_local_ssd_config": [],
                "fast_socket": [],
                "flex_start": false,
                "gcfs_config": [],
                "guest_accelerator": [],
                "gvnic": [],
                "host_maintenance_policy": [],
                "image_type": "COS_CONTAINERD",
                "kubelet_config": [
                  {
                    "allowed_unsafe_sysctls": [],
                    "container_log_max_files": 0,
                    "container_log_max_size": "",
                    "cpu_cfs_quota": false,
                    "cpu_cfs_quota_period": "",
                    "cpu_manager_policy": "",
                    "image_gc_high_threshold_percent": 0,
                    "image_gc_low_threshold_percent": 0,
                    "image_maximum_gc_age": "",
                    "image_minimum_gc_age": "",
                    "insecure_kubelet_readonly_port_enabled": "FALSE",
                    "pod_pids_limit": 0
                  }
                ],
                "labels": {},
                "linux_node_config": [],
                "local_nvme_ssd_block_config": [],
                "local_ssd_count": 0,
                "local_ssd_encryption_mode": "",
                "logging_variant": "DEFAULT",
                "machine_type": "e2-standard-2",
                "max_run_duration": "",
                "metadata": {
                  "disable-legacy-endpoints": "true"
                },
                "min_cpu_platform": "",
                "node_group": "",
                "oauth_scopes": [
                  "https://www.googleapis.com/auth/devstorage.read_only",
                  "https://www.googleapis.com/auth/logging.write",
                  "https://www.googleapis.com/auth/monitoring",
                  "https://www.googleapis.com/auth/service.management.readonly",
                  "https://www.googleapis.com/auth/servicecontrol",
                  "https://www.googleapis.com/auth/trace.append"
                ],
                "preemptible": false,
                "reservation_affinity": [],
                "resource_labels": {
                  "goog-gke-node-pool-provisioning-model": "on-demand"
                },
                "resource_manager_tags": {},
                "secondary_boot_disks": [],
                "service_account": "default",
                "shielded_instance_config": [
                  {
                    "enable_integrity_monitoring": true,
                    "enable_secure_boot": false
                  }
                ],
                "sole_tenant_config": [],
                "spot": false,
                "storage_pools": [],
                "tags": [
                  "private-nodes"
                ],
                "taint": [],
                "windows_node_config": [
                  {
                    "osversion": ""
                  }
                ],
                "workload_metadata_config": [
                  {
                    "mode": "GKE_METADATA"
                  }
                ]
              }
            ],
            "node_count": 0,
            "node_locations": [
              "me-central1-a",
              "me-central1-b",
              "me-central1-c"
            ],
            "operation": null,
            "placement_policy": [],
            "project": "devoteam-463111",
            "queued_provisioning": [],
            "timeouts": null,
            "upgrade_settings": [
              {
                "blue_green_settings": [],
                "max_surge": 1,
                "max_unavailable": 0,
                "strategy": "SURGE"
              }
            ],
            "version": "1.32.4-gke.1353003"
          },
          "sensitive_attributes": [],
          "identity_schema_version": 0,
          "private": "eyJlMmJmYjczMC1lY2FhLTExZTYtOGY4OC0zNDM2M2JjN2M0YzAiOnsiY3JlYXRlIjoxODAwMDAwMDAwMDAwLCJkZWxldGUiOjE4MDAwMDAwMDAwMDAsInVwZGF0ZSI6MTgwMDAwMDAwMDAwMH0sInNjaGVtYV92ZXJzaW9uIjoiMSJ9",
          "dependencies": [
            "module.gke.google_container_cluster.primary",
            "module.vpc.google_compute_network.vpc",
            "module.vpc.google_compute_subnetwork.private"
          ]
        }
      ]
    },
    {
      "module": "module.iam",
      "mode": "managed",
      "type": "google_project_iam_member",
      "name": "reviewers",
      "provider": "provider[\"registry.terraform.io/hashicorp/google\"]",
      "instances": [
        {
          "index_key": "user:atef.mahmoud@devoteam.com-roles-compute.viewer",
          "schema_version": 0,
          "attributes": {
            "condition": [],
            "etag": "BwY3t6TcVCc=",
            "id": "devoteam-463111/roles/compute.viewer/user:atef.mahmoud@devoteam.com",
            "member": "user:atef.mahmoud@devoteam.com",
            "project": "devoteam-463111",
            "role": "roles/compute.viewer"
          },
          "sensitive_attributes": [],
          "identity_schema_version": 0,
          "private": "bnVsbA=="
        },
        {
          "index_key": "user:atef.mahmoud@devoteam.com-roles-container.viewer",
          "schema_version": 0,
          "attributes": {
            "condition": [],
            "etag": "BwY3t6TcVCc=",
            "id": "devoteam-463111/roles/container.viewer/user:atef.mahmoud@devoteam.com",
            "member": "user:atef.mahmoud@devoteam.com",
            "project": "devoteam-463111",
            "role": "roles/container.viewer"
          },
          "sensitive_attributes": [],
          "identity_schema_version": 0,
          "private": "bnVsbA=="
        },
        {
          "index_key": "user:atef.mahmoud@devoteam.com-roles-monitoring.viewer",
          "schema_version": 0,
          "attributes": {
            "condition": [],
            "etag": "BwY3t6WDGIs=",
            "id": "devoteam-463111/roles/monitoring.viewer/user:atef.mahmoud@devoteam.com",
            "member": "user:atef.mahmoud@devoteam.com",
            "project": "devoteam-463111",
            "role": "roles/monitoring.viewer"
          },
          "sensitive_attributes": [],
          "identity_schema_version": 0,
          "private": "bnVsbA=="
        },
        {
          "index_key": "user:atef.mahmoud@devoteam.com-roles-redis.viewer",
          "schema_version": 0,
          "attributes": {
            "condition": [],
            "etag": "BwY3t6TcVCc=",
            "id": "devoteam-463111/roles/redis.viewer/user:atef.mahmoud@devoteam.com",
            "member": "user:atef.mahmoud@devoteam.com",
            "project": "devoteam-463111",
            "role": "roles/redis.viewer"
          },
          "sensitive_attributes": [],
          "identity_schema_version": 0,
          "private": "bnVsbA=="
        },
        {
          "index_key": "user:atef.mahmoud@devoteam.com-roles-secretmanager.viewer",
          "schema_version": 0,
          "attributes": {
            "condition": [],
            "etag": "BwY3t6TcVCc=",
            "id": "devoteam-463111/roles/secretmanager.viewer/user:atef.mahmoud@devoteam.com",
            "member": "user:atef.mahmoud@devoteam.com",
            "project": "devoteam-463111",
            "role": "roles/secretmanager.viewer"
          },
          "sensitive_attributes": [],
          "identity_schema_version": 0,
          "private": "bnVsbA=="
        }
      ]
    },
    {
      "module": "module.iam",
      "mode": "managed",
      "type": "google_project_iam_member",
      "name": "terraform_bindings",
      "provider": "provider[\"registry.terraform.io/hashicorp/google\"]",
      "instances": [
        {
          "index_key": "roles/artifactregistry.writer",
          "schema_version": 0,
          "attributes": {
            "condition": [],
            "etag": "BwY3t6WDGIs=",
            "id": "devoteam-463111/roles/artifactregistry.writer/serviceAccount:terraform-sa@devoteam-463111.iam.gserviceaccount.com",
            "member": "serviceAccount:terraform-sa@devoteam-463111.iam.gserviceaccount.com",
            "project": "devoteam-463111",
            "role": "roles/artifactregistry.writer"
          },
          "sensitive_attributes": [],
          "identity_schema_version": 0,
          "private": "bnVsbA==",
          "dependencies": [
            "module.iam.google_service_account.terraform"
          ]
        },
        {
          "index_key": "roles/compute.networkAdmin",
          "schema_version": 0,
          "attributes": {
            "condition": [],
            "etag": "BwY3t6TcVCc=",
            "id": "devoteam-463111/roles/compute.networkAdmin/serviceAccount:terraform-sa@devoteam-463111.iam.gserviceaccount.com",
            "member": "serviceAccount:terraform-sa@devoteam-463111.iam.gserviceaccount.com",
            "project": "devoteam-463111",
            "role": "roles/compute.networkAdmin"
          },
          "sensitive_attributes": [],
          "identity_schema_version": 0,
          "private": "bnVsbA==",
          "dependencies": [
            "module.iam.google_service_account.terraform"
          ]
        },
        {
          "index_key": "roles/container.admin",
          "schema_version": 0,
          "attributes": {
            "condition": [],
            "etag": "BwY3t6TcVCc=",
            "id": "devoteam-463111/roles/container.admin/serviceAccount:terraform-sa@devoteam-463111.iam.gserviceaccount.com",
            "member": "serviceAccount:terraform-sa@devoteam-463111.iam.gserviceaccount.com",
            "project": "devoteam-463111",
            "role": "roles/container.admin"
          },
          "sensitive_attributes": [],
          "identity_schema_version": 0,
          "private": "bnVsbA==",
          "dependencies": [
            "module.iam.google_service_account.terraform"
          ]
        },
        {
          "index_key": "roles/iam.serviceAccountUser",
          "schema_version": 0,
          "attributes": {
            "condition": [],
            "etag": "BwY3t6TcVCc=",
            "id": "devoteam-463111/roles/iam.serviceAccountUser/serviceAccount:terraform-sa@devoteam-463111.iam.gserviceaccount.com",
            "member": "serviceAccount:terraform-sa@devoteam-463111.iam.gserviceaccount.com",
            "project": "devoteam-463111",
            "role": "roles/iam.serviceAccountUser"
          },
          "sensitive_attributes": [],
          "identity_schema_version": 0,
          "private": "bnVsbA==",
          "dependencies": [
            "module.iam.google_service_account.terraform"
          ]
        },
        {
          "index_key": "roles/monitoring.editor",
          "schema_version": 0,
          "attributes": {
            "condition": [],
            "etag": "BwY3t6TcVCc=",
            "id": "devoteam-463111/roles/monitoring.editor/serviceAccount:terraform-sa@devoteam-463111.iam.gserviceaccount.com",
            "member": "serviceAccount:terraform-sa@devoteam-463111.iam.gserviceaccount.com",
            "project": "devoteam-463111",
            "role": "roles/monitoring.editor"
          },
          "sensitive_attributes": [],
          "identity_schema_version": 0,
          "private": "bnVsbA==",
          "dependencies": [
            "module.iam.google_service_account.terraform"
          ]
        },
        {
          "index_key": "roles/redis.admin",
          "schema_version": 0,
          "attributes": {
            "condition": [],
            "etag": "BwY3t6TcVCc=",
            "id": "devoteam-463111/roles/redis.admin/serviceAccount:terraform-sa@devoteam-463111.iam.gserviceaccount.com",
            "member": "serviceAccount:terraform-sa@devoteam-463111.iam.gserviceaccount.com",
            "project": "devoteam-463111",
            "role": "roles/redis.admin"
          },
          "sensitive_attributes": [],
          "identity_schema_version": 0,
          "private": "bnVsbA==",
          "dependencies": [
            "module.iam.google_service_account.terraform"
          ]
        },
        {
          "index_key": "roles/secretmanager.admin",
          "schema_version": 0,
          "attributes": {
            "condition": [],
            "etag": "BwY3t6TcVCc=",
            "id": "devoteam-463111/roles/secretmanager.admin/serviceAccount:terraform-sa@devoteam-463111.iam.gserviceaccount.com",
            "member": "serviceAccount:terraform-sa@devoteam-463111.iam.gserviceaccount.com",
            "project": "devoteam-463111",
            "role": "roles/secretmanager.admin"
          },
          "sensitive_attributes": [],
          "identity_schema_version": 0,
          "private": "bnVsbA==",
          "dependencies": [
            "module.iam.google_service_account.terraform"
          ]
        }
      ]
    },
    {
      "module": "module.iam",
      "mode": "managed",
      "type": "google_service_account",
      "name": "github_runner",
      "provider": "provider[\"registry.terraform.io/hashicorp/google\"]",
      "instances": [
        {
          "schema_version": 0,
          "attributes": {
            "account_id": "github-ci-sa",
            "create_ignore_already_exists": null,
            "description": "",
            "disabled": false,
            "display_name": "GitHub Actions Runner Service Account",
            "email": "github-ci-sa@devoteam-463111.iam.gserviceaccount.com",
            "id": "projects/devoteam-463111/serviceAccounts/github-ci-sa@devoteam-463111.iam.gserviceaccount.com",
            "member": "serviceAccount:github-ci-sa@devoteam-463111.iam.gserviceaccount.com",
            "name": "projects/devoteam-463111/serviceAccounts/github-ci-sa@devoteam-463111.iam.gserviceaccount.com",
            "project": "devoteam-463111",
            "timeouts": null,
            "unique_id": "107690724118572909475"
          },
          "sensitive_attributes": [],
          "identity_schema_version": 0,
          "private": "eyJlMmJmYjczMC1lY2FhLTExZTYtOGY4OC0zNDM2M2JjN2M0YzAiOnsiY3JlYXRlIjozMDAwMDAwMDAwMDB9fQ=="
        }
      ]
    },
    {
      "module": "module.iam",
      "mode": "managed",
      "type": "google_service_account",
      "name": "gke_nodes",
      "provider": "provider[\"registry.terraform.io/hashicorp/google\"]",
      "instances": [
        {
          "schema_version": 0,
          "attributes": {
            "account_id": "gke-nodes-sa",
            "create_ignore_already_exists": null,
            "description": "",
            "disabled": false,
            "display_name": "GKE Node Pool Service Account",
            "email": "gke-nodes-sa@devoteam-463111.iam.gserviceaccount.com",
            "id": "projects/devoteam-463111/serviceAccounts/gke-nodes-sa@devoteam-463111.iam.gserviceaccount.com",
            "member": "serviceAccount:gke-nodes-sa@devoteam-463111.iam.gserviceaccount.com",
            "name": "projects/devoteam-463111/serviceAccounts/gke-nodes-sa@devoteam-463111.iam.gserviceaccount.com",
            "project": "devoteam-463111",
            "timeouts": null,
            "unique_id": "108465267022068009746"
          },
          "sensitive_attributes": [],
          "identity_schema_version": 0,
          "private": "eyJlMmJmYjczMC1lY2FhLTExZTYtOGY4OC0zNDM2M2JjN2M0YzAiOnsiY3JlYXRlIjozMDAwMDAwMDAwMDB9fQ=="
        }
      ]
    },
    {
      "module": "module.iam",
      "mode": "managed",
      "type": "google_service_account",
      "name": "terraform",
      "provider": "provider[\"registry.terraform.io/hashicorp/google\"]",
      "instances": [
        {
          "schema_version": 0,
          "attributes": {
            "account_id": "terraform-sa",
            "create_ignore_already_exists": null,
            "description": "",
            "disabled": false,
            "display_name": "Terraform Automation Service Account",
            "email": "terraform-sa@devoteam-463111.iam.gserviceaccount.com",
            "id": "projects/devoteam-463111/serviceAccounts/terraform-sa@devoteam-463111.iam.gserviceaccount.com",
            "member": "serviceAccount:terraform-sa@devoteam-463111.iam.gserviceaccount.com",
            "name": "projects/devoteam-463111/serviceAccounts/terraform-sa@devoteam-463111.iam.gserviceaccount.com",
            "project": "devoteam-463111",
            "timeouts": null,
            "unique_id": "111554281057715881273"
          },
          "sensitive_attributes": [],
          "identity_schema_version": 0,
          "private": "eyJlMmJmYjczMC1lY2FhLTExZTYtOGY4OC0zNDM2M2JjN2M0YzAiOnsiY3JlYXRlIjozMDAwMDAwMDAwMDB9fQ=="
        }
      ]
    },
    {
      "module": "module.redis",
      "mode": "managed",
      "type": "google_redis_instance",
      "name": "redis_ha",
      "provider": "provider[\"registry.terraform.io/hashicorp/google\"]",
      "instances": [
        {
          "schema_version": 0,
          "attributes": {
            "alternative_location_id": "me-central1-b",
            "auth_enabled": false,
            "auth_string": "",
            "authorized_network": "projects/devoteam-463111/global/networks/devo-vpc",
            "connect_mode": "DIRECT_PEERING",
            "create_time": "2025-06-16T21:33:30.090740812Z",
            "current_location_id": "me-central1-a",
            "customer_managed_key": "",
            "display_name": "",
            "effective_labels": {
              "goog-terraform-provisioned": "true"
            },
            "host": "10.77.41.60",
            "id": "projects/devoteam-463111/locations/me-central1/instances/redis-ha",
            "labels": {},
            "location_id": "me-central1-a",
            "maintenance_policy": [],
            "maintenance_schedule": [],
            "maintenance_version": "20241107_00_00",
            "memory_size_gb": 2,
            "name": "redis-ha",
            "nodes": [
              {
                "id": "node-0",
                "zone": "me-central1-a"
              },
              {
                "id": "node-1",
                "zone": "me-central1-b"
              }
            ],
            "persistence_config": [
              {
                "persistence_mode": "DISABLED",
                "rdb_next_snapshot_time": "",
                "rdb_snapshot_period": "",
                "rdb_snapshot_start_time": ""
              }
            ],
            "persistence_iam_identity": "serviceAccount:service-561795015486@cloud-redis.iam.gserviceaccount.com",
            "port": 6379,
            "project": "devoteam-463111",
            "read_endpoint": "",
            "read_endpoint_port": 0,
            "read_replicas_mode": "READ_REPLICAS_DISABLED",
            "redis_configs": {},
            "redis_version": "REDIS_7_0",
            "region": "me-central1",
            "replica_count": 1,
            "reserved_ip_range": null,
            "secondary_ip_range": "",
            "server_ca_certs": [],
            "terraform_labels": {
              "goog-terraform-provisioned": "true"
            },
            "tier": "STANDARD_HA",
            "timeouts": null,
            "transit_encryption_mode": "DISABLED"
          },
          "sensitive_attributes": [
            [
              {
                "type": "get_attr",
                "value": "auth_string"
              }
            ]
          ],
          "identity_schema_version": 0,
          "private": "eyJlMmJmYjczMC1lY2FhLTExZTYtOGY4OC0zNDM2M2JjN2M0YzAiOnsiY3JlYXRlIjoxMjAwMDAwMDAwMDAwLCJkZWxldGUiOjEyMDAwMDAwMDAwMDAsInVwZGF0ZSI6MTIwMDAwMDAwMDAwMH19",
          "dependencies": [
            "module.vpc.google_compute_network.vpc"
          ]
        }
      ]
    },
    {
      "module": "module.vpc",
      "mode": "managed",
      "type": "google_compute_firewall",
      "name": "allow_private_egress",
      "provider": "provider[\"registry.terraform.io/hashicorp/google\"]",
      "instances": [
        {
          "schema_version": 1,
          "attributes": {
            "allow": [
              {
                "ports": [],
                "protocol": "all"
              }
            ],
            "creation_timestamp": "2025-06-16T12:53:35.381-07:00",
            "deny": [],
            "description": "",
            "destination_ranges": [
              "0.0.0.0/0"
            ],
            "direction": "EGRESS",
            "disabled": false,
            "enable_logging": null,
            "id": "projects/devoteam-463111/global/firewalls/devo-vpc-fw-private-egress",
            "log_config": [],
            "name": "devo-vpc-fw-private-egress",
            "network": "https://www.googleapis.com/compute/v1/projects/devoteam-463111/global/networks/devo-vpc",
            "priority": 1000,
            "project": "devoteam-463111",
            "self_link": "https://www.googleapis.com/compute/v1/projects/devoteam-463111/global/firewalls/devo-vpc-fw-private-egress",
            "source_ranges": [],
            "source_service_accounts": [],
            "source_tags": [],
            "target_service_accounts": [],
            "target_tags": [
              "private-nodes"
            ],
            "timeouts": null
          },
          "sensitive_attributes": [],
          "identity_schema_version": 0,
          "private": "eyJlMmJmYjczMC1lY2FhLTExZTYtOGY4OC0zNDM2M2JjN2M0YzAiOnsiY3JlYXRlIjoxMjAwMDAwMDAwMDAwLCJkZWxldGUiOjEyMDAwMDAwMDAwMDAsInVwZGF0ZSI6MTIwMDAwMDAwMDAwMH0sInNjaGVtYV92ZXJzaW9uIjoiMSJ9",
          "dependencies": [
            "module.vpc.google_compute_network.vpc"
          ]
        }
      ]
    },
    {
      "module": "module.vpc",
      "mode": "managed",
      "type": "google_compute_firewall",
      "name": "allow_ssh_iap",
      "provider": "provider[\"registry.terraform.io/hashicorp/google\"]",
      "instances": [
        {
          "schema_version": 1,
          "attributes": {
            "allow": [
              {
                "ports": [
                  "22"
                ],
                "protocol": "tcp"
              }
            ],
            "creation_timestamp": "2025-06-16T12:53:35.400-07:00",
            "deny": [],
            "description": "",
            "destination_ranges": [],
            "direction": "INGRESS",
            "disabled": false,
            "enable_logging": null,
            "id": "projects/devoteam-463111/global/firewalls/devo-vpc-fw-ssh-iap",
            "log_config": [],
            "name": "devo-vpc-fw-ssh-iap",
            "network": "https://www.googleapis.com/compute/v1/projects/devoteam-463111/global/networks/devo-vpc",
            "priority": 1000,
            "project": "devoteam-463111",
            "self_link": "https://www.googleapis.com/compute/v1/projects/devoteam-463111/global/firewalls/devo-vpc-fw-ssh-iap",
            "source_ranges": [
              "35.235.240.0/20"
            ],
            "source_service_accounts": [],
            "source_tags": [],
            "target_service_accounts": [],
            "target_tags": [
              "bastion"
            ],
            "timeouts": null
          },
          "sensitive_attributes": [],
          "identity_schema_version": 0,
          "private": "eyJlMmJmYjczMC1lY2FhLTExZTYtOGY4OC0zNDM2M2JjN2M0YzAiOnsiY3JlYXRlIjoxMjAwMDAwMDAwMDAwLCJkZWxldGUiOjEyMDAwMDAwMDAwMDAsInVwZGF0ZSI6MTIwMDAwMDAwMDAwMH0sInNjaGVtYV92ZXJzaW9uIjoiMSJ9",
          "dependencies": [
            "module.vpc.google_compute_network.vpc"
          ]
        }
      ]
    },
    {
      "module": "module.vpc",
      "mode": "managed",
      "type": "google_compute_network",
      "name": "vpc",
      "provider": "provider[\"registry.terraform.io/hashicorp/google\"]",
      "instances": [
        {
          "schema_version": 0,
          "attributes": {
            "auto_create_subnetworks": false,
            "bgp_always_compare_med": false,
            "bgp_best_path_selection_mode": "LEGACY",
            "bgp_inter_region_cost": "",
            "delete_default_routes_on_create": false,
            "description": "",
            "enable_ula_internal_ipv6": false,
            "gateway_ipv4": "",
            "id": "projects/devoteam-463111/global/networks/devo-vpc",
            "internal_ipv6_range": "",
            "mtu": 0,
            "name": "devo-vpc",
            "network_firewall_policy_enforcement_order": "AFTER_CLASSIC_FIREWALL",
            "network_id": "8183494074548734150",
            "network_profile": "",
            "numeric_id": "8183494074548734150",
            "project": "devoteam-463111",
            "routing_mode": "REGIONAL",
            "self_link": "https://www.googleapis.com/compute/v1/projects/devoteam-463111/global/networks/devo-vpc",
            "timeouts": null
          },
          "sensitive_attributes": [],
          "identity_schema_version": 0,
          "private": "eyJlMmJmYjczMC1lY2FhLTExZTYtOGY4OC0zNDM2M2JjN2M0YzAiOnsiY3JlYXRlIjoxMjAwMDAwMDAwMDAwLCJkZWxldGUiOjEyMDAwMDAwMDAwMDAsInVwZGF0ZSI6MTIwMDAwMDAwMDAwMH19"
        }
      ]
    },
    {
      "module": "module.vpc",
      "mode": "managed",
      "type": "google_compute_router",
      "name": "nat_router",
      "provider": "provider[\"registry.terraform.io/hashicorp/google\"]",
      "instances": [
        {
          "schema_version": 0,
          "attributes": {
            "bgp": [],
            "creation_timestamp": "2025-06-16T12:53:36.668-07:00",
            "description": "",
            "encrypted_interconnect_router": false,
            "id": "projects/devoteam-463111/regions/me-central1/routers/devo-vpc-nat-router",
            "md5_authentication_keys": [],
            "name": "devo-vpc-nat-router",
            "network": "https://www.googleapis.com/compute/v1/projects/devoteam-463111/global/networks/devo-vpc",
            "project": "devoteam-463111",
            "region": "me-central1",
            "self_link": "https://www.googleapis.com/compute/v1/projects/devoteam-463111/regions/me-central1/routers/devo-vpc-nat-router",
            "timeouts": null
          },
          "sensitive_attributes": [],
          "identity_schema_version": 0,
          "private": "eyJlMmJmYjczMC1lY2FhLTExZTYtOGY4OC0zNDM2M2JjN2M0YzAiOnsiY3JlYXRlIjoxMjAwMDAwMDAwMDAwLCJkZWxldGUiOjEyMDAwMDAwMDAwMDAsInVwZGF0ZSI6MTIwMDAwMDAwMDAwMH19",
          "dependencies": [
            "module.vpc.google_compute_network.vpc"
          ]
        }
      ]
    },
    {
      "module": "module.vpc",
      "mode": "managed",
      "type": "google_compute_router_nat",
      "name": "nat_config",
      "provider": "provider[\"registry.terraform.io/hashicorp/google\"]",
      "instances": [
        {
          "schema_version": 0,
          "attributes": {
            "auto_network_tier": "PREMIUM",
            "drain_nat_ips": [],
            "enable_dynamic_port_allocation": false,
            "enable_endpoint_independent_mapping": false,
            "endpoint_types": [
              "ENDPOINT_TYPE_VM"
            ],
            "icmp_idle_timeout_sec": 30,
            "id": "devoteam-463111/me-central1/devo-vpc-nat-router/devo-vpc-nat",
            "initial_nat_ips": null,
            "log_config": [],
            "max_ports_per_vm": 0,
            "min_ports_per_vm": 0,
            "name": "devo-vpc-nat",
            "nat64_subnetwork": [],
            "nat_ip_allocate_option": "AUTO_ONLY",
            "nat_ips": [],
            "project": "devoteam-463111",
            "region": "me-central1",
            "router": "devo-vpc-nat-router",
            "rules": [],
            "source_subnetwork_ip_ranges_to_nat": "LIST_OF_SUBNETWORKS",
            "source_subnetwork_ip_ranges_to_nat64": "",
            "subnetwork": [
              {
                "name": "https://www.googleapis.com/compute/v1/projects/devoteam-463111/regions/me-central1/subnetworks/devo-vpc-private",
                "secondary_ip_range_names": [],
                "source_ip_ranges_to_nat": [
                  "ALL_IP_RANGES"
                ]
              }
            ],
            "tcp_established_idle_timeout_sec": 1200,
            "tcp_time_wait_timeout_sec": 120,
            "tcp_transitory_idle_timeout_sec": 30,
            "timeouts": null,
            "type": "PUBLIC",
            "udp_idle_timeout_sec": 30
          },
          "sensitive_attributes": [],
          "identity_schema_version": 0,
          "private": "eyJlMmJmYjczMC1lY2FhLTExZTYtOGY4OC0zNDM2M2JjN2M0YzAiOnsiY3JlYXRlIjoxMjAwMDAwMDAwMDAwLCJkZWxldGUiOjEyMDAwMDAwMDAwMDAsInVwZGF0ZSI6MTIwMDAwMDAwMDAwMH19",
          "dependencies": [
            "module.vpc.google_compute_network.vpc",
            "module.vpc.google_compute_router.nat_router",
            "module.vpc.google_compute_subnetwork.private"
          ]
        }
      ]
    },
    {
      "module": "module.vpc",
      "mode": "managed",
      "type": "google_compute_subnetwork",
      "name": "mgmt",
      "provider": "provider[\"registry.terraform.io/hashicorp/google\"]",
      "instances": [
        {
          "schema_version": 0,
          "attributes": {
            "creation_timestamp": "2025-06-16T12:53:36.580-07:00",
            "description": "",
            "enable_flow_logs": false,
            "external_ipv6_prefix": "",
            "fingerprint": null,
            "gateway_address": "192.168.1.1",
            "id": "projects/devoteam-463111/regions/me-central1/subnetworks/devo-vpc-mgmt",
            "internal_ipv6_prefix": "",
            "ip_cidr_range": "192.168.1.0/24",
            "ip_collection": null,
            "ipv6_access_type": "",
            "ipv6_cidr_range": "",
            "ipv6_gce_endpoint": "",
            "log_config": [],
            "name": "devo-vpc-mgmt",
            "network": "https://www.googleapis.com/compute/v1/projects/devoteam-463111/global/networks/devo-vpc",
            "private_ip_google_access": false,
            "private_ipv6_google_access": "DISABLE_GOOGLE_ACCESS",
            "project": "devoteam-463111",
            "purpose": "PRIVATE",
            "region": "me-central1",
            "reserved_internal_range": "",
            "role": "",
            "secondary_ip_range": [],
            "self_link": "https://www.googleapis.com/compute/v1/projects/devoteam-463111/regions/me-central1/subnetworks/devo-vpc-mgmt",
            "send_secondary_ip_range_if_empty": null,
            "stack_type": "IPV4_ONLY",
            "state": "",
            "subnetwork_id": 7606745370457917615,
            "timeouts": null
          },
          "sensitive_attributes": [],
          "identity_schema_version": 0,
          "private": "eyJlMmJmYjczMC1lY2FhLTExZTYtOGY4OC0zNDM2M2JjN2M0YzAiOnsiY3JlYXRlIjoxMjAwMDAwMDAwMDAwLCJkZWxldGUiOjEyMDAwMDAwMDAwMDAsInVwZGF0ZSI6MTIwMDAwMDAwMDAwMH19",
          "dependencies": [
            "module.vpc.google_compute_network.vpc"
          ]
        }
      ]
    },
    {
      "module": "module.vpc",
      "mode": "managed",
      "type": "google_compute_subnetwork",
      "name": "private",
      "provider": "provider[\"registry.terraform.io/hashicorp/google\"]",
      "instances": [
        {
          "schema_version": 0,
          "attributes": {
            "creation_timestamp": "2025-06-16T12:53:37.276-07:00",
            "description": "",
            "enable_flow_logs": false,
            "external_ipv6_prefix": "",
            "fingerprint": null,
            "gateway_address": "192.168.2.1",
            "id": "projects/devoteam-463111/regions/me-central1/subnetworks/devo-vpc-private",
            "internal_ipv6_prefix": "",
            "ip_cidr_range": "192.168.2.0/24",
            "ip_collection": null,
            "ipv6_access_type": "",
            "ipv6_cidr_range": "",
            "ipv6_gce_endpoint": "",
            "log_config": [],
            "name": "devo-vpc-private",
            "network": "https://www.googleapis.com/compute/v1/projects/devoteam-463111/global/networks/devo-vpc",
            "private_ip_google_access": true,
            "private_ipv6_google_access": "DISABLE_GOOGLE_ACCESS",
            "project": "devoteam-463111",
            "purpose": "PRIVATE",
            "region": "me-central1",
            "reserved_internal_range": "",
            "role": "",
            "secondary_ip_range": [
              {
                "ip_cidr_range": "192.168.8.0/22",
                "range_name": "pods",
                "reserved_internal_range": ""
              },
              {
                "ip_cidr_range": "192.168.4.0/24",
                "range_name": "services",
                "reserved_internal_range": ""
              }
            ],
            "self_link": "https://www.googleapis.com/compute/v1/projects/devoteam-463111/regions/me-central1/subnetworks/devo-vpc-private",
            "send_secondary_ip_range_if_empty": null,
            "stack_type": "IPV4_ONLY",
            "state": "",
            "subnetwork_id": 4759617674562881710,
            "timeouts": null
          },
          "sensitive_attributes": [],
          "identity_schema_version": 0,
          "private": "eyJlMmJmYjczMC1lY2FhLTExZTYtOGY4OC0zNDM2M2JjN2M0YzAiOnsiY3JlYXRlIjoxMjAwMDAwMDAwMDAwLCJkZWxldGUiOjEyMDAwMDAwMDAwMDAsInVwZGF0ZSI6MTIwMDAwMDAwMDAwMH19",
          "dependencies": [
            "module.vpc.google_compute_network.vpc"
          ]
        }
      ]
    }
  ],
  "check_results": null
}
